
Microsoft Visual Studio Solution File, Format Version 12.00
# Visual Studio 15
VisualStudioVersion = 15.0.27520.0
MinimumVisualStudioVersion = 10.0.40219.1
Project("{9A19103F-16F7-4668-BE54-9A1E7A4F7556}") = "BasketballStats.WebApi", "BasketballStats.WebApi\BasketballStats.WebApi.csproj", "{1020D1A1-06D1-46AB-9BD1-70772FFC413C}"
EndProject
Project("{9A19103F-16F7-4668-BE54-9A1E7A4F7556}") = "BasketballStats.Contracts", "BasketballStats.Contracts\BasketballStats.Contracts.csproj", "{08A6F3BF-7E2D-413B-98A9-E884D7A82156}"
EndProject
Project("{9A19103F-16F7-4668-BE54-9A1E7A4F7556}") = "BasketballStats.WebSite", "BasketballStats.WebSite\BasketballStats.WebSite.csproj", "{C1C170F9-47C4-4D8F-AC13-1B2A946C4317}"
EndProject
Project("{9A19103F-16F7-4668-BE54-9A1E7A4F7556}") = "CustomFramework.Data", "..\CustomFramework\CustomFramework.Data\CustomFramework.Data.csproj", "{CA7C0FC2-602C-4A9A-91C4-17EAFD10803E}"
EndProject
Project("{9A19103F-16F7-4668-BE54-9A1E7A4F7556}") = "CustomFramework.Utils", "..\CustomFramework\CustomFramework.Utils\CustomFramework.Utils.csproj", "{CA9DF66A-F533-4366-937C-CA8BD2791774}"
EndProject
Project("{9A19103F-16F7-4668-BE54-9A1E7A4F7556}") = "CustomFramework.Authorization", "..\CustomFramework\CustomFramework.Authorization\CustomFramework.Authorization.csproj", "{E799B7B7-53A0-4203-84AA-FA0CE8D48D22}"
EndProject
Project("{9A19103F-16F7-4668-BE54-9A1E7A4F7556}") = "CustomFramework.WebApiUtils", "..\CustomFramework\CustomFramework.WebApiUtils\CustomFramework.WebApiUtils.csproj", "{1E5A3808-7002-47DC-8A97-2ECC700F9743}"
EndProject
Project("{9A19103F-16F7-4668-BE54-9A1E7A4F7556}") = "CustomFramework.WebApiUtils.Authorization", "..\CustomFramework\CustomFramework.WebApiUtils.Authorization\CustomFramework.WebApiUtils.Authorization.csproj", "{0A706C79-3585-4DE3-9AD5-AD32D68AC247}"
EndProject
Global
	GlobalSection(SolutionConfigurationPlatforms) = preSolution
		Debug|Any CPU = Debug|Any CPU
		Release|Any CPU = Release|Any CPU
	EndGlobalSection
	GlobalSection(ProjectConfigurationPlatforms) = postSolution
		{1020D1A1-06D1-46AB-9BD1-70772FFC413C}.Debug|Any CPU.ActiveCfg = Debug|Any CPU
		{1020D1A1-06D1-46AB-9BD1-70772FFC413C}.Debug|Any CPU.Build.0 = Debug|Any CPU
		{1020D1A1-06D1-46AB-9BD1-70772FFC413C}.Release|Any CPU.ActiveCfg = Release|Any CPU
		{1020D1A1-06D1-46AB-9BD1-70772FFC413C}.Release|Any CPU.Build.0 = Release|Any CPU
		{08A6F3BF-7E2D-413B-98A9-E884D7A82156}.Debug|Any CPU.ActiveCfg = Debug|Any CPU
		{08A6F3BF-7E2D-413B-98A9-E884D7A82156}.Debug|Any CPU.Build.0 = Debug|Any CPU
		{08A6F3BF-7E2D-413B-98A9-E884D7A82156}.Release|Any CPU.ActiveCfg = Release|Any CPU
		{08A6F3BF-7E2D-413B-98A9-E884D7A82156}.Release|Any CPU.Build.0 = Release|Any CPU
		{C1C170F9-47C4-4D8F-AC13-1B2A946C4317}.Debug|Any CPU.ActiveCfg = Debug|Any CPU
		{C1C170F9-47C4-4D8F-AC13-1B2A946C4317}.Debug|Any CPU.Build.0 = Debug|Any CPU
		{C1C170F9-47C4-4D8F-AC13-1B2A946C4317}.Release|Any CPU.ActiveCfg = Release|Any CPU
		{C1C170F9-47C4-4D8F-AC13-1B2A946C4317}.Release|Any CPU.Build.0 = Release|Any CPU
		{CA7C0FC2-602C-4A9A-91C4-17EAFD10803E}.Debug|Any CPU.ActiveCfg = Debug|Any CPU
		{CA7C0FC2-602C-4A9A-91C4-17EAFD10803E}.Debug|Any CPU.Build.0 = Debug|Any CPU
		{CA7C0FC2-602C-4A9A-91C4-17EAFD10803E}.Release|Any CPU.ActiveCfg = Release|Any CPU
		{CA7C0FC2-602C-4A9A-91C4-17EAFD10803E}.Release|Any CPU.Build.0 = Release|Any CPU
		{CA9DF66A-F533-4366-937C-CA8BD2791774}.Debug|Any CPU.ActiveCfg = Debug|Any CPU
		{CA9DF66A-F533-4366-937C-CA8BD2791774}.Debug|Any CPU.Build.0 = Debug|Any CPU
		{CA9DF66A-F533-4366-937C-CA8BD2791774}.Release|Any CPU.ActiveCfg = Release|Any CPU
		{CA9DF66A-F533-4366-937C-CA8BD2791774}.Release|Any CPU.Build.0 = Release|Any CPU
		{E799B7B7-53A0-4203-84AA-FA0CE8D48D22}.Debug|Any CPU.ActiveCfg = Debug|Any CPU
		{E799B7B7-53A0-4203-84AA-FA0CE8D48D22}.Debug|Any CPU.Build.0 = Debug|Any CPU
		{E799B7B7-53A0-4203-84AA-FA0CE8D48D22}.Release|Any CPU.ActiveCfg = Release|Any CPU
		{E799B7B7-53A0-4203-84AA-FA0CE8D48D22}.Release|Any CPU.Build.0 = Release|Any CPU
		{1E5A3808-7002-47DC-8A97-2ECC700F9743}.Debug|Any CPU.ActiveCfg = Debug|Any CPU
		{1E5A3808-7002-47DC-8A97-2ECC700F9743}.Debug|Any CPU.Build.0 = Debug|Any CPU
		{1E5A3808-7002-47DC-8A97-2ECC700F9743}.Release|Any CPU.ActiveCfg = Release|Any CPU
		{1E5A3808-7002-47DC-8A97-2ECC700F9743}.Release|Any CPU.Build.0 = Release|Any CPU
		{0A706C79-3585-4DE3-9AD5-AD32D68AC247}.Debug|Any CPU.ActiveCfg = Debug|Any CPU
		{0A706C79-3585-4DE3-9AD5-AD32D68AC247}.Debug|Any CPU.Build.0 = Debug|Any CPU
		{0A706C79-3585-4DE3-9AD5-AD32D68AC247}.Release|Any CPU.ActiveCfg = Release|Any CPU
		{0A706C79-3585-4DE3-9AD5-AD32D68AC247}.Release|Any CPU.Build.0 = Release|Any CPU
	EndGlobalSection
	GlobalSection(SolutionProperties) = preSolution
		HideSolutionNode = FALSE
	EndGlobalSection
	GlobalSection(ExtensibilityGlobals) = postSolution
		SolutionGuid = {8DA8AC27-9AAA-4C6A-9536-ABB03E85E7B5}
	EndGlobalSection
EndGlobal
