
Microsoft Visual Studio Solution File, Format Version 12.00
# Visual Studio Version 16
VisualStudioVersion = 16.0.28407.52
MinimumVisualStudioVersion = 10.0.40219.1
Project("{9A19103F-16F7-4668-BE54-9A1E7A4F7556}") = "MySuperStats.WebApi", "MySuperStats.WebApi\MySuperStats.WebApi.csproj", "{1020D1A1-06D1-46AB-9BD1-70772FFC413C}"
EndProject
Project("{9A19103F-16F7-4668-BE54-9A1E7A4F7556}") = "MySuperStats.Contracts", "MySuperStats.Contracts\MySuperStats.Contracts.csproj", "{08A6F3BF-7E2D-413B-98A9-E884D7A82156}"
EndProject
Project("{9A19103F-16F7-4668-BE54-9A1E7A4F7556}") = "MySuperStats.WebUI", "MySuperStats.WebUI\MySuperStats.WebUI.csproj", "{C1C170F9-47C4-4D8F-AC13-1B2A946C4317}"
EndProject
Global
	GlobalSection(SolutionConfigurationPlatforms) = preSolution
		Debug|Any CPU = Debug|Any CPU
		Release|Any CPU = Release|Any CPU
	EndGlobalSection
	GlobalSection(ProjectConfigurationPlatforms) = postSolution
		{1020D1A1-06D1-46AB-9BD1-70772FFC413C}.Debug|Any CPU.ActiveCfg = Debug|Any CPU
		{1020D1A1-06D1-46AB-9BD1-70772FFC413C}.Debug|Any CPU.Build.0 = Debug|Any CPU
		{1020D1A1-06D1-46AB-9BD1-70772FFC413C}.Release|Any CPU.ActiveCfg = Release|Any CPU
		{1020D1A1-06D1-46AB-9BD1-70772FFC413C}.Release|Any CPU.Build.0 = Release|Any CPU
		{08A6F3BF-7E2D-413B-98A9-E884D7A82156}.Debug|Any CPU.ActiveCfg = Debug|Any CPU
		{08A6F3BF-7E2D-413B-98A9-E884D7A82156}.Debug|Any CPU.Build.0 = Debug|Any CPU
		{08A6F3BF-7E2D-413B-98A9-E884D7A82156}.Release|Any CPU.ActiveCfg = Release|Any CPU
		{08A6F3BF-7E2D-413B-98A9-E884D7A82156}.Release|Any CPU.Build.0 = Release|Any CPU
		{C1C170F9-47C4-4D8F-AC13-1B2A946C4317}.Debug|Any CPU.ActiveCfg = Debug|Any CPU
		{C1C170F9-47C4-4D8F-AC13-1B2A946C4317}.Debug|Any CPU.Build.0 = Debug|Any CPU
		{C1C170F9-47C4-4D8F-AC13-1B2A946C4317}.Release|Any CPU.ActiveCfg = Release|Any CPU
		{C1C170F9-47C4-4D8F-AC13-1B2A946C4317}.Release|Any CPU.Build.0 = Release|Any CPU
	EndGlobalSection
	GlobalSection(SolutionProperties) = preSolution
		HideSolutionNode = FALSE
	EndGlobalSection
	GlobalSection(ExtensibilityGlobals) = postSolution
		SolutionGuid = {8DA8AC27-9AAA-4C6A-9536-ABB03E85E7B5}
	EndGlobalSection
EndGlobal
